# This file is automatically @generated by Cargo.
# It is not intended for manual editing.
[[package]]
name = "binary-brain"
version = "0.2.0"
dependencies = [
 "rand_xoshiro",
]

[[package]]
name = "rand_core"
version = "0.5.1"
source = "registry+https://github.com/rust-lang/crates.io-index"
checksum = "90bde5296fc891b0cef12a6d03ddccc162ce7b2aff54160af9338f8d40df6d19"

[[package]]
name = "rand_xoshiro"
version = "0.4.0"
source = "registry+https://github.com/rust-lang/crates.io-index"
checksum = "a9fcdd2e881d02f1d9390ae47ad8e5696a9e4be7b547a1da2afbc61973217004"
dependencies = [
 "rand_core",
]
